
Microsoft Visual Studio Solution File, Format Version 12.00
# Visual Studio Version 16
VisualStudioVersion = 16.0.29519.181
MinimumVisualStudioVersion = 10.0.40219.1
Project("{FAE04EC0-301F-11D3-BF4B-00C04F79EFBC}") = "ejercicio1", "ejercicio1.csproj", "{B026B74A-BD63-4DA8-A36C-404125DC2710}"
EndProject
Global
	GlobalSection(SolutionConfigurationPlatforms) = preSolution
		Debug|Any CPU = Debug|Any CPU
		Release|Any CPU = Release|Any CPU
	EndGlobalSection
	GlobalSection(ProjectConfigurationPlatforms) = postSolution
		{B026B74A-BD63-4DA8-A36C-404125DC2710}.Debug|Any CPU.ActiveCfg = Debug|Any CPU
		{B026B74A-BD63-4DA8-A36C-404125DC2710}.Debug|Any CPU.Build.0 = Debug|Any CPU
		{B026B74A-BD63-4DA8-A36C-404125DC2710}.Release|Any CPU.ActiveCfg = Release|Any CPU
		{B026B74A-BD63-4DA8-A36C-404125DC2710}.Release|Any CPU.Build.0 = Release|Any CPU
	EndGlobalSection
	GlobalSection(SolutionProperties) = preSolution
		HideSolutionNode = FALSE
	EndGlobalSection
	GlobalSection(ExtensibilityGlobals) = postSolution
		SolutionGuid = {AD48E191-6078-456E-B906-5305E5F8D0E7}
	EndGlobalSection
EndGlobal
