
Microsoft Visual Studio Solution File, Format Version 12.00
# Visual Studio Version 16
VisualStudioVersion = 16.0.29519.181
MinimumVisualStudioVersion = 10.0.40219.1
Project("{FAE04EC0-301F-11D3-BF4B-00C04F79EFBC}") = "ejercicio2", "ejercicio2.csproj", "{387FCAD1-1394-4C93-9122-6693CEC4A449}"
EndProject
Global
	GlobalSection(SolutionConfigurationPlatforms) = preSolution
		Debug|Any CPU = Debug|Any CPU
		Release|Any CPU = Release|Any CPU
	EndGlobalSection
	GlobalSection(ProjectConfigurationPlatforms) = postSolution
		{387FCAD1-1394-4C93-9122-6693CEC4A449}.Debug|Any CPU.ActiveCfg = Debug|Any CPU
		{387FCAD1-1394-4C93-9122-6693CEC4A449}.Debug|Any CPU.Build.0 = Debug|Any CPU
		{387FCAD1-1394-4C93-9122-6693CEC4A449}.Release|Any CPU.ActiveCfg = Release|Any CPU
		{387FCAD1-1394-4C93-9122-6693CEC4A449}.Release|Any CPU.Build.0 = Release|Any CPU
	EndGlobalSection
	GlobalSection(SolutionProperties) = preSolution
		HideSolutionNode = FALSE
	EndGlobalSection
	GlobalSection(ExtensibilityGlobals) = postSolution
		SolutionGuid = {C086AE5E-D9BF-4F15-B26C-28A841C05D0E}
	EndGlobalSection
EndGlobal
