
Microsoft Visual Studio Solution File, Format Version 12.00
# Visual Studio Version 16
VisualStudioVersion = 16.0.29519.181
MinimumVisualStudioVersion = 10.0.40219.1
Project("{FAE04EC0-301F-11D3-BF4B-00C04F79EFBC}") = "ejercicio3", "ejercicio3.csproj", "{C2A6CE91-915B-4EE6-9E4E-AC7A0C63851F}"
EndProject
Global
	GlobalSection(SolutionConfigurationPlatforms) = preSolution
		Debug|Any CPU = Debug|Any CPU
		Release|Any CPU = Release|Any CPU
	EndGlobalSection
	GlobalSection(ProjectConfigurationPlatforms) = postSolution
		{C2A6CE91-915B-4EE6-9E4E-AC7A0C63851F}.Debug|Any CPU.ActiveCfg = Debug|Any CPU
		{C2A6CE91-915B-4EE6-9E4E-AC7A0C63851F}.Debug|Any CPU.Build.0 = Debug|Any CPU
		{C2A6CE91-915B-4EE6-9E4E-AC7A0C63851F}.Release|Any CPU.ActiveCfg = Release|Any CPU
		{C2A6CE91-915B-4EE6-9E4E-AC7A0C63851F}.Release|Any CPU.Build.0 = Release|Any CPU
	EndGlobalSection
	GlobalSection(SolutionProperties) = preSolution
		HideSolutionNode = FALSE
	EndGlobalSection
	GlobalSection(ExtensibilityGlobals) = postSolution
		SolutionGuid = {CF6DC90E-6C7E-4B49-B511-1A3CDD62BB77}
	EndGlobalSection
EndGlobal
