
Microsoft Visual Studio Solution File, Format Version 12.00
# Visual Studio Version 16
VisualStudioVersion = 16.0.29519.181
MinimumVisualStudioVersion = 10.0.40219.1
Project("{FAE04EC0-301F-11D3-BF4B-00C04F79EFBC}") = "ejercicio3", "ejercicio3.csproj", "{A37507F0-20CD-4E4A-B961-C848BDDF84C3}"
EndProject
Global
	GlobalSection(SolutionConfigurationPlatforms) = preSolution
		Debug|Any CPU = Debug|Any CPU
		Release|Any CPU = Release|Any CPU
	EndGlobalSection
	GlobalSection(ProjectConfigurationPlatforms) = postSolution
		{A37507F0-20CD-4E4A-B961-C848BDDF84C3}.Debug|Any CPU.ActiveCfg = Debug|Any CPU
		{A37507F0-20CD-4E4A-B961-C848BDDF84C3}.Debug|Any CPU.Build.0 = Debug|Any CPU
		{A37507F0-20CD-4E4A-B961-C848BDDF84C3}.Release|Any CPU.ActiveCfg = Release|Any CPU
		{A37507F0-20CD-4E4A-B961-C848BDDF84C3}.Release|Any CPU.Build.0 = Release|Any CPU
	EndGlobalSection
	GlobalSection(SolutionProperties) = preSolution
		HideSolutionNode = FALSE
	EndGlobalSection
	GlobalSection(ExtensibilityGlobals) = postSolution
		SolutionGuid = {4129E07A-A3CA-40A4-BE42-BDF6AFB7B220}
	EndGlobalSection
EndGlobal
