
Microsoft Visual Studio Solution File, Format Version 12.00
# Visual Studio Version 16
VisualStudioVersion = 16.0.29519.181
MinimumVisualStudioVersion = 10.0.40219.1
Project("{FAE04EC0-301F-11D3-BF4B-00C04F79EFBC}") = "ejercicio10", "ejercicio10.csproj", "{A3D9BFB8-5B64-42FD-A019-D77F417012D0}"
EndProject
Global
	GlobalSection(SolutionConfigurationPlatforms) = preSolution
		Debug|Any CPU = Debug|Any CPU
		Release|Any CPU = Release|Any CPU
	EndGlobalSection
	GlobalSection(ProjectConfigurationPlatforms) = postSolution
		{A3D9BFB8-5B64-42FD-A019-D77F417012D0}.Debug|Any CPU.ActiveCfg = Debug|Any CPU
		{A3D9BFB8-5B64-42FD-A019-D77F417012D0}.Debug|Any CPU.Build.0 = Debug|Any CPU
		{A3D9BFB8-5B64-42FD-A019-D77F417012D0}.Release|Any CPU.ActiveCfg = Release|Any CPU
		{A3D9BFB8-5B64-42FD-A019-D77F417012D0}.Release|Any CPU.Build.0 = Release|Any CPU
	EndGlobalSection
	GlobalSection(SolutionProperties) = preSolution
		HideSolutionNode = FALSE
	EndGlobalSection
	GlobalSection(ExtensibilityGlobals) = postSolution
		SolutionGuid = {645A70DE-8F02-4398-B34D-A9525A93CE5E}
	EndGlobalSection
EndGlobal
