
Microsoft Visual Studio Solution File, Format Version 12.00
# Visual Studio Version 16
VisualStudioVersion = 16.0.29519.181
MinimumVisualStudioVersion = 10.0.40219.1
Project("{FAE04EC0-301F-11D3-BF4B-00C04F79EFBC}") = "ejercicio2", "ejercicio2.csproj", "{DDF42835-6975-430A-9DF7-4B5928BA6812}"
EndProject
Global
	GlobalSection(SolutionConfigurationPlatforms) = preSolution
		Debug|Any CPU = Debug|Any CPU
		Release|Any CPU = Release|Any CPU
	EndGlobalSection
	GlobalSection(ProjectConfigurationPlatforms) = postSolution
		{DDF42835-6975-430A-9DF7-4B5928BA6812}.Debug|Any CPU.ActiveCfg = Debug|Any CPU
		{DDF42835-6975-430A-9DF7-4B5928BA6812}.Debug|Any CPU.Build.0 = Debug|Any CPU
		{DDF42835-6975-430A-9DF7-4B5928BA6812}.Release|Any CPU.ActiveCfg = Release|Any CPU
		{DDF42835-6975-430A-9DF7-4B5928BA6812}.Release|Any CPU.Build.0 = Release|Any CPU
	EndGlobalSection
	GlobalSection(SolutionProperties) = preSolution
		HideSolutionNode = FALSE
	EndGlobalSection
	GlobalSection(ExtensibilityGlobals) = postSolution
		SolutionGuid = {8908CFA2-15C8-4745-AE0B-EBF03AE50DB0}
	EndGlobalSection
EndGlobal
