
Microsoft Visual Studio Solution File, Format Version 12.00
# Visual Studio Version 16
VisualStudioVersion = 16.0.29519.181
MinimumVisualStudioVersion = 10.0.40219.1
Project("{FAE04EC0-301F-11D3-BF4B-00C04F79EFBC}") = "ejercicio5", "ejercicio5.csproj", "{C45D34C0-5703-49D9-9818-0DB3237981BF}"
EndProject
Global
	GlobalSection(SolutionConfigurationPlatforms) = preSolution
		Debug|Any CPU = Debug|Any CPU
		Release|Any CPU = Release|Any CPU
	EndGlobalSection
	GlobalSection(ProjectConfigurationPlatforms) = postSolution
		{C45D34C0-5703-49D9-9818-0DB3237981BF}.Debug|Any CPU.ActiveCfg = Debug|Any CPU
		{C45D34C0-5703-49D9-9818-0DB3237981BF}.Debug|Any CPU.Build.0 = Debug|Any CPU
		{C45D34C0-5703-49D9-9818-0DB3237981BF}.Release|Any CPU.ActiveCfg = Release|Any CPU
		{C45D34C0-5703-49D9-9818-0DB3237981BF}.Release|Any CPU.Build.0 = Release|Any CPU
	EndGlobalSection
	GlobalSection(SolutionProperties) = preSolution
		HideSolutionNode = FALSE
	EndGlobalSection
	GlobalSection(ExtensibilityGlobals) = postSolution
		SolutionGuid = {9CAF9AED-5ADA-4D6E-A238-0A22CE926432}
	EndGlobalSection
EndGlobal
